
Microsoft Visual Studio Solution File, Format Version 12.00
# Visual Studio 14
VisualStudioVersion = 14.0.25420.1
MinimumVisualStudioVersion = 10.0.40219.1
Project("{F184B08F-C81C-45F6-A57F-5ABD9991F28F}") = "FormularioDRCA", "FormularioDRCA\FormularioDRCA.vbproj", "{C5E26EB2-54F2-49AB-9901-5D23C67126E2}"
EndProject
Global
	GlobalSection(SolutionConfigurationPlatforms) = preSolution
		Debug|Any CPU = Debug|Any CPU
		Release|Any CPU = Release|Any CPU
	EndGlobalSection
	GlobalSection(ProjectConfigurationPlatforms) = postSolution
		{C5E26EB2-54F2-49AB-9901-5D23C67126E2}.Debug|Any CPU.ActiveCfg = Debug|Any CPU
		{C5E26EB2-54F2-49AB-9901-5D23C67126E2}.Debug|Any CPU.Build.0 = Debug|Any CPU
		{C5E26EB2-54F2-49AB-9901-5D23C67126E2}.Release|Any CPU.ActiveCfg = Release|Any CPU
		{C5E26EB2-54F2-49AB-9901-5D23C67126E2}.Release|Any CPU.Build.0 = Release|Any CPU
	EndGlobalSection
	GlobalSection(SolutionProperties) = preSolution
		HideSolutionNode = FALSE
	EndGlobalSection
EndGlobal
